<?xml version="1.0" encoding="UTF-8"?>
<Scheme
   version = "1.3">
   <BuildAction>
      <BuildActionEntries>
         <BuildActionEntry
            buildForRunning = "YES">
            <BuildableReference
               BuildableIdentifier = "primary"
               BlueprintIdentifier = "5AF0E2D13971F9CA010B70A4"
               BuildableName = "FormLayout.app"
               BlueprintName = "FormLayout"
               ReferencedContainer = "container:FormLayout.xcodeproj">
            </BuildableReference>
         </BuildActionEntry>
      </BuildActionEntries>
   </BuildAction>
   <LaunchAction
      useCustomWorkingDirectory = "NO"
      buildConfiguration = "Debug">
      <BuildableProductRunnable>
         <BuildableReference
            BuildableIdentifier = "primary"
            BlueprintIdentifier = "5AF0E2D13971F9CA010B70A4"
            BuildableName = "FormLayout.app"
            BlueprintName = "FormLayout"
            ReferencedContainer = "container:FormLayout.xcodeproj">
         </BuildableReference>
      </BuildableProductRunnable>
   </LaunchAction>
</Scheme>
